
Microsoft Visual Studio Solution File, Format Version 12.00
# Visual Studio 15
VisualStudioVersion = 15.0.26124.0
MinimumVisualStudioVersion = 15.0.26124.0
Project("{2150E333-8FDC-42A3-9474-1A3956D46DE8}") = "src", "src", "{7E29AA10-F938-4CF8-9CAB-7ACD2D6DC784}"
EndProject
Project("{FAE04EC0-301F-11D3-BF4B-00C04F79EFBC}") = "JsonApiDotNetCore.MongoDb", "src\JsonApiDotNetCore.MongoDb\JsonApiDotNetCore.MongoDb.csproj", "{FD312677-2A62-4B8F-A965-879B059F1755}"
EndProject
Project("{2150E333-8FDC-42A3-9474-1A3956D46DE8}") = "test", "test", "{19A533AA-E006-496D-A476-364DF2B637A1}"
EndProject
Project("{FAE04EC0-301F-11D3-BF4B-00C04F79EFBC}") = "JsonApiDotNetCoreMongoDbExampleTests", "test\JsonApiDotNetCoreMongoDbExampleTests\JsonApiDotNetCoreMongoDbExampleTests.csproj", "{24CE53FA-9C49-4E20-A060-4A43DFB8C8F1}"
EndProject
Project("{2150E333-8FDC-42A3-9474-1A3956D46DE8}") = "Examples", "Examples", "{AA148569-62FF-4E1A-8E16-0E529FA38040}"
EndProject
Project("{FAE04EC0-301F-11D3-BF4B-00C04F79EFBC}") = "GettingStarted", "src\Examples\GettingStarted\GettingStarted.csproj", "{79DBA8A9-32D5-4EE4-8048-5A211F4280F6}"
EndProject
Project("{FAE04EC0-301F-11D3-BF4B-00C04F79EFBC}") = "JsonApiDotNetCoreMongoDbExample", "src\Examples\JsonApiDotNetCoreMongoDbExample\JsonApiDotNetCoreMongoDbExample.csproj", "{11CC33C8-27D7-44D2-B402-76E3A33285A0}"
EndProject
Global
	GlobalSection(SolutionConfigurationPlatforms) = preSolution
		Debug|Any CPU = Debug|Any CPU
		Debug|x64 = Debug|x64
		Debug|x86 = Debug|x86
		Release|Any CPU = Release|Any CPU
		Release|x64 = Release|x64
		Release|x86 = Release|x86
	EndGlobalSection
	GlobalSection(SolutionProperties) = preSolution
		HideSolutionNode = FALSE
	EndGlobalSection
	GlobalSection(ProjectConfigurationPlatforms) = postSolution
		{FD312677-2A62-4B8F-A965-879B059F1755}.Debug|Any CPU.ActiveCfg = Debug|Any CPU
		{FD312677-2A62-4B8F-A965-879B059F1755}.Debug|Any CPU.Build.0 = Debug|Any CPU
		{FD312677-2A62-4B8F-A965-879B059F1755}.Debug|x64.ActiveCfg = Debug|Any CPU
		{FD312677-2A62-4B8F-A965-879B059F1755}.Debug|x64.Build.0 = Debug|Any CPU
		{FD312677-2A62-4B8F-A965-879B059F1755}.Debug|x86.ActiveCfg = Debug|Any CPU
		{FD312677-2A62-4B8F-A965-879B059F1755}.Debug|x86.Build.0 = Debug|Any CPU
		{FD312677-2A62-4B8F-A965-879B059F1755}.Release|Any CPU.ActiveCfg = Release|Any CPU
		{FD312677-2A62-4B8F-A965-879B059F1755}.Release|Any CPU.Build.0 = Release|Any CPU
		{FD312677-2A62-4B8F-A965-879B059F1755}.Release|x64.ActiveCfg = Release|Any CPU
		{FD312677-2A62-4B8F-A965-879B059F1755}.Release|x64.Build.0 = Release|Any CPU
		{FD312677-2A62-4B8F-A965-879B059F1755}.Release|x86.ActiveCfg = Release|Any CPU
		{FD312677-2A62-4B8F-A965-879B059F1755}.Release|x86.Build.0 = Release|Any CPU
		{24CE53FA-9C49-4E20-A060-4A43DFB8C8F1}.Debug|Any CPU.ActiveCfg = Debug|Any CPU
		{24CE53FA-9C49-4E20-A060-4A43DFB8C8F1}.Debug|Any CPU.Build.0 = Debug|Any CPU
		{24CE53FA-9C49-4E20-A060-4A43DFB8C8F1}.Debug|x64.ActiveCfg = Debug|Any CPU
		{24CE53FA-9C49-4E20-A060-4A43DFB8C8F1}.Debug|x64.Build.0 = Debug|Any CPU
		{24CE53FA-9C49-4E20-A060-4A43DFB8C8F1}.Debug|x86.ActiveCfg = Debug|Any CPU
		{24CE53FA-9C49-4E20-A060-4A43DFB8C8F1}.Debug|x86.Build.0 = Debug|Any CPU
		{24CE53FA-9C49-4E20-A060-4A43DFB8C8F1}.Release|Any CPU.ActiveCfg = Release|Any CPU
		{24CE53FA-9C49-4E20-A060-4A43DFB8C8F1}.Release|Any CPU.Build.0 = Release|Any CPU
		{24CE53FA-9C49-4E20-A060-4A43DFB8C8F1}.Release|x64.ActiveCfg = Release|Any CPU
		{24CE53FA-9C49-4E20-A060-4A43DFB8C8F1}.Release|x64.Build.0 = Release|Any CPU
		{24CE53FA-9C49-4E20-A060-4A43DFB8C8F1}.Release|x86.ActiveCfg = Release|Any CPU
		{24CE53FA-9C49-4E20-A060-4A43DFB8C8F1}.Release|x86.Build.0 = Release|Any CPU
		{79DBA8A9-32D5-4EE4-8048-5A211F4280F6}.Debug|Any CPU.ActiveCfg = Debug|Any CPU
		{79DBA8A9-32D5-4EE4-8048-5A211F4280F6}.Debug|Any CPU.Build.0 = Debug|Any CPU
		{79DBA8A9-32D5-4EE4-8048-5A211F4280F6}.Debug|x64.ActiveCfg = Debug|Any CPU
		{79DBA8A9-32D5-4EE4-8048-5A211F4280F6}.Debug|x64.Build.0 = Debug|Any CPU
		{79DBA8A9-32D5-4EE4-8048-5A211F4280F6}.Debug|x86.ActiveCfg = Debug|Any CPU
		{79DBA8A9-32D5-4EE4-8048-5A211F4280F6}.Debug|x86.Build.0 = Debug|Any CPU
		{79DBA8A9-32D5-4EE4-8048-5A211F4280F6}.Release|Any CPU.ActiveCfg = Release|Any CPU
		{79DBA8A9-32D5-4EE4-8048-5A211F4280F6}.Release|Any CPU.Build.0 = Release|Any CPU
		{79DBA8A9-32D5-4EE4-8048-5A211F4280F6}.Release|x64.ActiveCfg = Release|Any CPU
		{79DBA8A9-32D5-4EE4-8048-5A211F4280F6}.Release|x64.Build.0 = Release|Any CPU
		{79DBA8A9-32D5-4EE4-8048-5A211F4280F6}.Release|x86.ActiveCfg = Release|Any CPU
		{79DBA8A9-32D5-4EE4-8048-5A211F4280F6}.Release|x86.Build.0 = Release|Any CPU
		{11CC33C8-27D7-44D2-B402-76E3A33285A0}.Debug|Any CPU.ActiveCfg = Debug|Any CPU
		{11CC33C8-27D7-44D2-B402-76E3A33285A0}.Debug|Any CPU.Build.0 = Debug|Any CPU
		{11CC33C8-27D7-44D2-B402-76E3A33285A0}.Debug|x64.ActiveCfg = Debug|Any CPU
		{11CC33C8-27D7-44D2-B402-76E3A33285A0}.Debug|x64.Build.0 = Debug|Any CPU
		{11CC33C8-27D7-44D2-B402-76E3A33285A0}.Debug|x86.ActiveCfg = Debug|Any CPU
		{11CC33C8-27D7-44D2-B402-76E3A33285A0}.Debug|x86.Build.0 = Debug|Any CPU
		{11CC33C8-27D7-44D2-B402-76E3A33285A0}.Release|Any CPU.ActiveCfg = Release|Any CPU
		{11CC33C8-27D7-44D2-B402-76E3A33285A0}.Release|Any CPU.Build.0 = Release|Any CPU
		{11CC33C8-27D7-44D2-B402-76E3A33285A0}.Release|x64.ActiveCfg = Release|Any CPU
		{11CC33C8-27D7-44D2-B402-76E3A33285A0}.Release|x64.Build.0 = Release|Any CPU
		{11CC33C8-27D7-44D2-B402-76E3A33285A0}.Release|x86.ActiveCfg = Release|Any CPU
		{11CC33C8-27D7-44D2-B402-76E3A33285A0}.Release|x86.Build.0 = Release|Any CPU
	EndGlobalSection
	GlobalSection(NestedProjects) = preSolution
		{FD312677-2A62-4B8F-A965-879B059F1755} = {7E29AA10-F938-4CF8-9CAB-7ACD2D6DC784}
		{24CE53FA-9C49-4E20-A060-4A43DFB8C8F1} = {19A533AA-E006-496D-A476-364DF2B637A1}
		{AA148569-62FF-4E1A-8E16-0E529FA38040} = {7E29AA10-F938-4CF8-9CAB-7ACD2D6DC784}
		{79DBA8A9-32D5-4EE4-8048-5A211F4280F6} = {AA148569-62FF-4E1A-8E16-0E529FA38040}
		{11CC33C8-27D7-44D2-B402-76E3A33285A0} = {AA148569-62FF-4E1A-8E16-0E529FA38040}
	EndGlobalSection
EndGlobal
